// !$*UTF8*$!
{
	archiveVersion = 1;
	classes = {
	};
	objectVersion = 46;
	objects = {

/* Begin PBXBuildFile section */
		19829F091E666EAB00081FE7 /* AppDelegate.swift in Sources */ = {isa = PBXBuildFile; fileRef = 19829F081E666EAB00081FE7 /* AppDelegate.swift */; };
		19829F0B1E666EAB00081FE7 /* ViewController.swift in Sources */ = {isa = PBXBuildFile; fileRef = 19829F0A1E666EAB00081FE7 /* ViewController.swift */; };
		19829F0E1E666EAB00081FE7 /* Main.storyboard in Resources */ = {isa = PBXBuildFile; fileRef = 19829F0C1E666EAB00081FE7 /* Main.storyboard */; };
		19829F101E666EAB00081FE7 /* Assets.xcassets in Resources */ = {isa = PBXBuildFile; fileRef = 19829F0F1E666EAB00081FE7 /* Assets.xcassets */; };
		19829F131E666EAB00081FE7 /* LaunchScreen.storyboard in Resources */ = {isa = PBXBuildFile; fileRef = 19829F111E666EAB00081FE7 /* LaunchScreen.storyboard */; };
/* End PBXBuildFile section */

/* Begin PBXFileReference section */
		19829F051E666EAB00081FE7 /* Xpert.app */ = {isa = PBXFileReference; explicitFileType = wrapper.application; includeInIndex = 0; path = Xpert.app; sourceTree = BUILT_PRODUCTS_DIR; };
		19829F081E666EAB00081FE7 /* AppDelegate.swift */ = {isa = PBXFileReference; lastKnownFileType = sourcecode.swift; path = AppDelegate.swift; sourceTree = "<group>"; };
		19829F0A1E666EAB00081FE7 /* ViewController.swift */ = {isa = PBXFileReference; lastKnownFileType = sourcecode.swift; path = ViewController.swift; sourceTree = "<group>"; };
		19829F0D1E666EAB00081FE7 /* Base */ = {isa = PBXFileReference; lastKnownFileType = file.storyboard; name = Base; path = Base.lproj/Main.storyboard; sourceTree = "<group>"; };
		19829F0F1E666EAB00081FE7 /* Assets.xcassets */ = {isa = PBXFileReference; lastKnownFileType = folder.assetcatalog; path = Assets.xcassets; sourceTree = "<group>"; };
		19829F121E666EAB00081FE7 /* Base */ = {isa = PBXFileReference; lastKnownFileType = file.storyboard; name = Base; path = Base.lproj/LaunchScreen.storyboard; sourceTree = "<group>"; };
		19829F141E666EAB00081FE7 /* Info.plist */ = {isa = PBXFileReference; lastKnownFileType = text.plist.xml; path = Info.plist; sourceTree = "<group>"; };
/* End PBXFileReference section */

/* Begin PBXFrameworksBuildPhase section */
		19829F021E666EAB00081FE7 /* Frameworks */ = {
			isa = PBXFrameworksBuildPhase;
			buildActionMask = 2147483647;
			files = (
			);
			runOnlyForDeploymentPostprocessing = 0;
		};
/* End PBXFrameworksBuildPhase section */

/* Begin PBXGroup section */
		19829EFC1E666EAB00081FE7 = {
			isa = PBXGroup;
			children = (
				19829F071E666EAB00081FE7 /* Xpert */,
				19829F061E666EAB00081FE7 /* Products */,
			);
			sourceTree = "<group>";
		};
		19829F061E666EAB00081FE7 /* Products */ = {
			isa = PBXGroup;
			children = (
				19829F051E666EAB00081FE7 /* Xpert.app */,
			);
			name = Products;
			sourceTree = "<group>";
		};
		19829F071E666EAB00081FE7 /* Xpert */ = {
			isa = PBXGroup;
			children = (
				19829F081E666EAB00081FE7 /* AppDelegate.swift */,
				19829F0A1E666EAB00081FE7 /* ViewController.swift */,
				19829F0C1E666EAB00081FE7 /* Main.storyboard */,
				19829F0F1E666EAB00081FE7 /* Assets.xcassets */,
				19829F111E666EAB00081FE7 /* LaunchScreen.storyboard */,
				19829F141E666EAB00081FE7 /* Info.plist */,
			);
			path = Xpert;
			sourceTree = "<group>";
		};
/* End PBXGroup section */

/* Begin PBXNativeTarget section */
		19829F041E666EAB00081FE7 /* Xpert */ = {
			isa = PBXNativeTarget;
			buildConfigurationList = 19829F171E666EAB00081FE7 /* Build configuration list for PBXNativeTarget "Xpert" */;
			buildPhases = (
				19829F011E666EAB00081FE7 /* Sources */,
				19829F021E666EAB00081FE7 /* Frameworks */,
				19829F031E666EAB00081FE7 /* Resources */,
			);
			buildRules = (
			);
			dependencies = (
			);
			name = Xpert;
			productName = Xpert;
			productReference = 19829F051E666EAB00081FE7 /* Xpert.app */;
			productType = "com.apple.product-type.application";
		};
/* End PBXNativeTarget section */

/* Begin PBXProject section */
		19829EFD1E666EAB00081FE7 /* Project object */ = {
			isa = PBXProject;
			attributes = {
				LastSwiftUpdateCheck = 0810;
				LastUpgradeCheck = 0810;
				ORGANIZATIONNAME = Genaxis;
				TargetAttributes = {
					19829F041E666EAB00081FE7 = {
						CreatedOnToolsVersion = 8.1;
						ProvisioningStyle = Automatic;
					};
				};
			};
			buildConfigurationList = 19829F001E666EAB00081FE7 /* Build configuration list for PBXProject "Xpert" */;
			compatibilityVersion = "Xcode 3.2";
			developmentRegion = English;
			hasScannedForEncodings = 0;
			knownRegions = (
				en,
				Base,
			);
			mainGroup = 19829EFC1E666EAB00081FE7;
			productRefGroup = 19829F061E666EAB00081FE7 /* Products */;
			projectDirPath = "";
			projectRoot = "";
			targets = (
				19829F041E666EAB00081FE7 /* Xpert */,
			);
		};
/* End PBXProject section */

/* Begin PBXResourcesBuildPhase section */
		19829F031E666EAB00081FE7 /* Resources */ = {
			isa = PBXResourcesBuildPhase;
			buildActionMask = 2147483647;
			files = (
				19829F131E666EAB00081FE7 /* LaunchScreen.storyboard in Resources */,
				19829F101E666EAB00081FE7 /* Assets.xcassets in Resources */,
				19829F0E1E666EAB00081FE7 /* Main.storyboard in Resources */,
			);
			runOnlyForDeploymentPostprocessing = 0;
		};
/* End PBXResourcesBuildPhase section */

/* Begin PBXSourcesBuildPhase section */
		19829F011E666EAB00081FE7 /* Sources */ = {
			isa = PBXSourcesBuildPhase;
			buildActionMask = 2147483647;
			files = (
				19829F0B1E666EAB00081FE7 /* ViewController.swift in Sources */,
				19829F091E666EAB00081FE7 /* AppDelegate.swift in Sources */,
			);
			runOnlyForDeploymentPostprocessing = 0;
		};
/* End PBXSourcesBuildPhase section */

/* Begin PBXVariantGroup section */
		19829F0C1E666EAB00081FE7 /* Main.storyboard */ = {
			isa = PBXVariantGroup;
			children = (
				19829F0D1E666EAB00081FE7 /* Base */,
			);
			name = Main.storyboard;
			sourceTree = "<group>";
		};
		19829F111E666EAB00081FE7 /* LaunchScreen.storyboard */ = {
			isa = PBXVariantGroup;
			children = (
				19829F121E666EAB00081FE7 /* Base */,
			);
			name = LaunchScreen.storyboard;
			sourceTree = "<group>";
		};
/* End PBXVariantGroup section */

/* Begin XCBuildConfiguration section */
		19829F151E666EAB00081FE7 /* Debug */ = {
			isa = XCBuildConfiguration;
			buildSettings = {
				ALWAYS_SEARCH_USER_PATHS = NO;
				CLANG_ANALYZER_NONNULL = YES;
				CLANG_CXX_LANGUAGE_STANDARD = "gnu++0x";
				CLANG_CXX_LIBRARY = "libc++";
				CLANG_ENABLE_MODULES = YES;
				CLANG_ENABLE_OBJC_ARC = YES;
				CLANG_WARN_BOOL_CONVERSION = YES;
				CLANG_WARN_CONSTANT_CONVERSION = YES;
				CLANG_WARN_DIRECT_OBJC_ISA_USAGE = YES_ERROR;
				CLANG_WARN_DOCUMENTATION_COMMENTS = YES;
				CLANG_WARN_EMPTY_BODY = YES;
				CLANG_WARN_ENUM_CONVERSION = YES;
				CLANG_WARN_INFINITE_RECURSION = YES;
				CLANG_WARN_INT_CONVERSION = YES;
				CLANG_WARN_OBJC_ROOT_CLASS = YES_ERROR;
				CLANG_WARN_SUSPICIOUS_MOVES = YES;
				CLANG_WARN_UNREACHABLE_CODE = YES;
				CLANG_WARN__DUPLICATE_METHOD_MATCH = YES;
				"CODE_SIGN_IDENTITY[sdk=iphoneos*]" = "iPhone Developer";
				COPY_PHASE_STRIP = NO;
				DEBUG_INFORMATION_FORMAT = dwarf;
				ENABLE_STRICT_OBJC_MSGSEND = YES;
				ENABLE_TESTABILITY = YES;
				GCC_C_LANGUAGE_STANDARD = gnu99;
				GCC_DYNAMIC_NO_PIC = NO;
				GCC_NO_COMMON_BLOCKS = YES;
				GCC_OPTIMIZATION_LEVEL = 0;
				GCC_PREPROCESSOR_DEFINITIONS = (
					"DEBUG=1",
					"$(inherited)",
				);
				GCC_WARN_64_TO_32_BIT_CONVERSION = YES;
				GCC_WARN_ABOUT_RETURN_TYPE = YES_ERROR;
				GCC_WARN_UNDECLARED_SELECTOR = YES;
				GCC_WARN_UNINITIALIZED_AUTOS = YES_AGGRESSIVE;
				GCC_WARN_UNUSED_FUNCTION = YES;
				GCC_WARN_UNUSED_VARIABLE = YES;
				IPHONEOS_DEPLOYMENT_TARGET = 10.1;
				MTL_ENABLE_DEBUG_INFO = YES;
				ONLY_ACTIVE_ARCH = YES;
				SDKROOT = iphoneos;
				SWIFT_ACTIVE_COMPILATION_CONDITIONS = DEBUG;
				SWIFT_OPTIMIZATION_LEVEL = "-Onone";
			};
			name = Debug;
		};
		19829F161E666EAB00081FE7 /* Release */ = {
			isa = XCBuildConfiguration;
			buildSettings = {
				ALWAYS_SEARCH_USER_PATHS = NO;
				CLANG_ANALYZER_NONNULL = YES;
				CLANG_CXX_LANGUAGE_STANDARD = "gnu++0x";
				CLANG_CXX_LIBRARY = "libc++";
				CLANG_ENABLE_MODULES = YES;
				CLANG_ENABLE_OBJC_ARC = YES;
				CLANG_WARN_BOOL_CONVERSION = YES;
				CLANG_WARN_CONSTANT_CONVERSION = YES;
				CLANG_WARN_DIRECT_OBJC_ISA_USAGE = YES_ERROR;
				CLANG_WARN_DOCUMENTATION_COMMENTS = YES;
				CLANG_WARN_EMPTY_BODY = YES;
				CLANG_WARN_ENUM_CONVERSION = YES;
				CLANG_WARN_INFINITE_RECURSION = YES;
				CLANG_WARN_INT_CONVERSION = YES;
				CLANG_WARN_OBJC_ROOT_CLASS = YES_ERROR;
				CLANG_WARN_SUSPICIOUS_MOVES = YES;
				CLANG_WARN_UNREACHABLE_CODE = YES;
				CLANG_WARN__DUPLICATE_METHOD_MATCH = YES;
				"CODE_SIGN_IDENTITY[sdk=iphoneos*]" = "iPhone Developer";
				COPY_PHASE_STRIP = NO;
				DEBUG_INFORMATION_FORMAT = "dwarf-with-dsym";
				ENABLE_NS_ASSERTIONS = NO;
				ENABLE_STRICT_OBJC_MSGSEND = YES;
				GCC_C_LANGUAGE_STANDARD = gnu99;
				GCC_NO_COMMON_BLOCKS = YES;
				GCC_WARN_64_TO_32_BIT_CONVERSION = YES;
				GCC_WARN_ABOUT_RETURN_TYPE = YES_ERROR;
				GCC_WARN_UNDECLARED_SELECTOR = YES;
				GCC_WARN_UNINITIALIZED_AUTOS = YES_AGGRESSIVE;
				GCC_WARN_UNUSED_FUNCTION = YES;
				GCC_WARN_UNUSED_VARIABLE = YES;
				IPHONEOS_DEPLOYMENT_TARGET = 10.1;
				MTL_ENABLE_DEBUG_INFO = NO;
				SDKROOT = iphoneos;
				SWIFT_OPTIMIZATION_LEVEL = "-Owholemodule";
				VALIDATE_PRODUCT = YES;
			};
			name = Release;
		};
		19829F181E666EAB00081FE7 /* Debug */ = {
			isa = XCBuildConfiguration;
			buildSettings = {
				ASSETCATALOG_COMPILER_APPICON_NAME = AppIcon;
				INFOPLIST_FILE = Xpert/Info.plist;
				LD_RUNPATH_SEARCH_PATHS = "$(inherited) @executable_path/Frameworks";
				PRODUCT_BUNDLE_IDENTIFIER = my.com.genaxis.Xpert;
				PRODUCT_NAME = "$(TARGET_NAME)";
				SWIFT_VERSION = 3.0;
			};
			name = Debug;
		};
		19829F191E666EAB00081FE7 /* Release */ = {
			isa = XCBuildConfiguration;
			buildSettings = {
				ASSETCATALOG_COMPILER_APPICON_NAME = AppIcon;
				INFOPLIST_FILE = Xpert/Info.plist;
				LD_RUNPATH_SEARCH_PATHS = "$(inherited) @executable_path/Frameworks";
				PRODUCT_BUNDLE_IDENTIFIER = my.com.genaxis.Xpert;
				PRODUCT_NAME = "$(TARGET_NAME)";
				SWIFT_VERSION = 3.0;
			};
			name = Release;
		};
/* End XCBuildConfiguration section */

/* Begin XCConfigurationList section */
		19829F001E666EAB00081FE7 /* Build configuration list for PBXProject "Xpert" */ = {
			isa = XCConfigurationList;
			buildConfigurations = (
				19829F151E666EAB00081FE7 /* Debug */,
				19829F161E666EAB00081FE7 /* Release */,
			);
			defaultConfigurationIsVisible = 0;
			defaultConfigurationName = Release;
		};
		19829F171E666EAB00081FE7 /* Build configuration list for PBXNativeTarget "Xpert" */ = {
			isa = XCConfigurationList;
			buildConfigurations = (
				19829F181E666EAB00081FE7 /* Debug */,
				19829F191E666EAB00081FE7 /* Release */,
			);
			defaultConfigurationIsVisible = 0;
		};
/* End XCConfigurationList section */
	};
	rootObject = 19829EFD1E666EAB00081FE7 /* Project object */;
}
